{
  "lockfile_version": "1",
  "packages": {
    "github:NixOS/nixpkgs/nixpkgs-unstable": {
      "last_modified": "2026-09-28T04:45:22Z",
      "resolved": "github:NixOS/nixpkgs/419fe0f449b3fbe3bdd53d9840288db4509ec32e?lastModified=1790570722&narHash=sha256-Avcz96Q%2B8OkfUIUXipBBVsQn19L622BtKP7mk6M%2Buls%3D"
    },
    "nodejs@24": {
      "last_modified": "2026-10-05T09:07:57Z",
      "plugin_version": "0.0.5",
      "resolved": "github:NixOS/nixpkgs/aa48d347080940b8a2b8d2f48228674e280a3514#nodejs",
      "source": "devbox-search",
      "version": "24.21.0",
      "systems": {
        "aarch64-darwin": {
          "outputs": [
            {
              "name": "out",
              "path": "/nix/store/7cr3l1m9yyng2hscs8lj4x4bj0hm7908-nodejs-24.21.0",
              "default": true
            }
          ],
          "store_path": "/nix/store/7cr3l1m9yyng2hscs8lj4x4bj0hm7908-nodejs-24.21.0"
        },
        "aarch64-linux": {
          "outputs": [
            {
              "name": "out",
              "path": "/nix/store/8lgcgi9riqm71v9ibjw5qjcwwr5nfm83-nodejs-24.21.0",
              "default": true
            }
          ],
          "store_path": "/nix/store/8lgcgi9riqm71v9ibjw5qjcwwr5nfm83-nodejs-24.21.0"
        },
        "x86_64-linux": {
          "outputs": [
            {
              "name": "out",
              "path": "/nix/store/gxq2cd70i077rah1d4hkzc1lpq8q4pv8-nodejs-24.21.0",
              "default": true
            }
          ],
          "store_path": "/nix/store/gxq2cd70i077rah1d4hkzc1lpq8q4pv8-nodejs-24.21.0"
        }
      }
    },
    "pnpm@12": {
      "last_modified": "2026-10-05T09:07:57Z",
      "resolved": "github:NixOS/nixpkgs/aa48d347080940b8a2b8d2f48228674e280a3514#pnpm",
      "source": "devbox-search",
      "version": "12.9.0",
      "systems": {
        "aarch64-darwin": {
          "outputs": [
            {
              "name": "out",
              "path": "/nix/store/6vnrsxp5zmq5chqqvrflhsk3dw9w941s-pnpm-12.9.0",
              "default": true
            }
          ],
          "store_path": "/nix/store/6vnrsxp5zmq5chqqvrflhsk3dw9w941s-pnpm-12.9.0"
        },
        "aarch64-linux": {
          "outputs": [
            {
              "name": "out",
              "path": "/nix/store/4cgvir2rfw19yvni23j747rgkn98p3dm-pnpm-12.9.0",
              "default": true
            }
          ],
          "store_path": "/nix/store/4cgvir2rfw19yvni23j747rgkn98p3dm-pnpm-12.9.0"
        },
        "x86_64-linux": {
          "outputs": [
            {
              "name": "out",
              "path": "/nix/store/gslcmgvwsgn1csg90b4dpcgxr57x91yv-pnpm-12.9.0",
              "default": true
            }
          ],
          "store_path": "/nix/store/gslcmgvwsgn1csg90b4dpcgxr57x91yv-pnpm-12.9.0"
        }
      }
    }
  }
}
